<?xml version="1.0" encoding="UTF-8" standalone="yes" ?>
<CodeBlocks_project_file>
	<FileVersion major="1" minor="6" />
	<Project>
		<Option title="ESTACIONAMIENTO" />
		<Option pch_mode="2" />
		<Option compiler="gcc" />
		<Build>
			<Target title="Debug">
				<Option output="bin/Debug/ESTACIONAMIENTO" prefix_auto="1" extension_auto="1" />
				<Option object_output="obj/Debug/" />
				<Option type="1" />
				<Option compiler="gcc" />
				<Compiler>
					<Add option="-g" />
				</Compiler>
			</Target>
			<Target title="Release">
				<Option output="bin/Release/ESTACIONAMIENTO" prefix_auto="1" extension_auto="1" />
				<Option object_output="obj/Release/" />
				<Option type="1" />
				<Option compiler="gcc" />
				<Compiler>
					<Add option="-O2" />
				</Compiler>
				<Linker>
					<Add option="-s" />
				</Linker>
			</Target>
		</Build>
		<Compiler>
			<Add option="-Wall" />
			<Add option="-fexceptions" />
		</Compiler>
		<Unit filename="../UTNTPPROGII_Estacionamiento-main/Estacionamiento.cbp" />
		<Unit filename="../UTNTPPROGII_Estacionamiento-main/Estacionamiento.layout" />
		<Unit filename="../UTNTPPROGII_Estacionamiento-main/calendario" />
		<Unit filename="ArchivoEmpleado.h">
			<Option target="&lt;{~None~}&gt;" />
		</Unit>
		<Unit filename="ArchivoMovimientos.h" />
		<Unit filename="Cliente.h" />
		<Unit filename="Empleado.h" />
		<Unit filename="Fecha.h" />
		<Unit filename="Listados.h" />
		<Unit filename="Movimiento.h" />
		<Unit filename="Persona.h">
			<Option target="Debug" />
		</Unit>
		<Unit filename="Reserva.h" />
		<Unit filename="estacionamiento.h" />
		<Unit filename="funcionesExtra.h" />
		<Unit filename="funcionesMenuEmpleado.h" />
		<Unit filename="funcionesMenuGerente.h" />
		<Unit filename="main.cpp" />
		<Unit filename="menues.h">
			<Option target="&lt;{~None~}&gt;" />
		</Unit>
		<Extensions>
			<lib_finder disable_auto="1" />
		</Extensions>
	</Project>
</CodeBlocks_project_file>
